<?xml version="1.0" encoding="utf-8"?>
<Project ToolsVersion="4.0" xmlns="http://schemas.microsoft.com/developer/msbuild/2003">
  <ItemGroup>
    <Filter Include="Source Files">
      <UniqueIdentifier>{4FC737F1-C7A5-4376-A066-2A32D752A2FF}</UniqueIdentifier>
      <Extensions>cpp;c;cc;cxx;def;odl;idl;hpj;bat;asm;asmx</Extensions>
    </Filter>
    <Filter Include="Header Files">
      <UniqueIdentifier>{93995380-89BD-4b04-88EB-625FBE52EBFB}</UniqueIdentifier>
      <Extensions>h;hh;hpp;hxx;hm;inl;inc;ipp;xsd</Extensions>
    </Filter>
    <Filter Include="Resource Files">
      <UniqueIdentifier>{67DA6AB6-F800-4c08-8B7A-83BB121AAD01}</UniqueIdentifier>
      <Extensions>rc;ico;cur;bmp;dlg;rc2;rct;bin;rgs;gif;jpg;jpeg;jpe;resx;tiff;tif;png;wav;mfcribbon-ms</Extensions>
    </Filter>
    <Filter Include="Header Files\Engine">
      <UniqueIdentifier>{2bebae9c-ed9b-4517-a06b-7a7fdb61cdd0}</UniqueIdentifier>
    </Filter>
    <Filter Include="Source Files\Engine">
      <UniqueIdentifier>{cc1e0804-4092-417d-88dd-4bda06116b82}</UniqueIdentifier>
    </Filter>
    <Filter Include="Header Files\Engine\Classes">
      <UniqueIdentifier>{10df8804-8b81-44ee-b277-50265508834e}</UniqueIdentifier>
    </Filter>
    <Filter Include="Header Files\Engine\Namespaces">
      <UniqueIdentifier>{5ff098e7-91a0-485e-9b07-d6630dff7c3d}</UniqueIdentifier>
    </Filter>
    <Filter Include="Source Files\Engine\Classes">
      <UniqueIdentifier>{9b37257a-c638-4d4b-86d4-5d1b0a08e222}</UniqueIdentifier>
    </Filter>
    <Filter Include="Source Files\Engine\Namespaces">
      <UniqueIdentifier>{690c152f-11d5-42cb-a379-a69888709f64}</UniqueIdentifier>
    </Filter>
  </ItemGroup>
  <ItemGroup>
    <ClInclude Include="EngineCore.h">
      <Filter>Header Files\Engine</Filter>
    </ClInclude>
    <ClInclude Include="Object.h">
      <Filter>Header Files\Engine\Classes</Filter>
    </ClInclude>
    <ClInclude Include="Scene.h">
      <Filter>Header Files\Engine\Classes</Filter>
    </ClInclude>
    <ClInclude Include="Font.h">
      <Filter>Header Files\Engine\Classes</Filter>
    </ClInclude>
    <ClInclude Include="Console.h">
      <Filter>Header Files\Engine\Namespaces</Filter>
    </ClInclude>
    <ClInclude Include="Draw.h">
      <Filter>Header Files\Engine\Namespaces</Filter>
    </ClInclude>
    <ClInclude Include="Input.h">
      <Filter>Header Files\Engine\Namespaces</Filter>
    </ClInclude>
    <ClInclude Include="Sound.h">
      <Filter>Header Files\Engine\Namespaces</Filter>
    </ClInclude>
    <ClInclude Include="Import.h">
      <Filter>Header Files\Engine\Classes</Filter>
    </ClInclude>
    <ClInclude Include="Sprite.h">
      <Filter>Header Files\Engine\Classes</Filter>
    </ClInclude>
    <ClInclude Include="ColorPalette.h">
      <Filter>Header Files\Engine\Classes</Filter>
    </ClInclude>
    <ClInclude Include="Engine.h">
      <Filter>Header Files\Engine</Filter>
    </ClInclude>
    <ClInclude Include="Main.h">
      <Filter>Header Files</Filter>
    </ClInclude>
    <ClInclude Include="TetrisMap.h">
      <Filter>Header Files</Filter>
    </ClInclude>
    <ClInclude Include="Tetromino.h">
      <Filter>Header Files</Filter>
    </ClInclude>
    <ClInclude Include="TetrominoController.h">
      <Filter>Header Files</Filter>
    </ClInclude>
    <ClInclude Include="Game.h">
      <Filter>Header Files</Filter>
    </ClInclude>
    <ClInclude Include="resource.h">
      <Filter>Header Files</Filter>
    </ClInclude>
  </ItemGroup>
  <ItemGroup>
    <ClCompile Include="Console.cpp">
      <Filter>Source Files\Engine\Namespaces</Filter>
    </ClCompile>
    <ClCompile Include="Draw.cpp">
      <Filter>Source Files\Engine\Namespaces</Filter>
    </ClCompile>
    <ClCompile Include="Font.cpp">
      <Filter>Source Files\Engine\Classes</Filter>
    </ClCompile>
    <ClCompile Include="Input.cpp">
      <Filter>Source Files\Engine\Namespaces</Filter>
    </ClCompile>
    <ClCompile Include="Object.cpp">
      <Filter>Source Files\Engine\Classes</Filter>
    </ClCompile>
    <ClCompile Include="Scene.cpp">
      <Filter>Source Files\Engine\Classes</Filter>
    </ClCompile>
    <ClCompile Include="Sound.cpp">
      <Filter>Source Files\Engine\Namespaces</Filter>
    </ClCompile>
    <ClCompile Include="Import.cpp">
      <Filter>Source Files\Engine\Classes</Filter>
    </ClCompile>
    <ClCompile Include="Sprite.cpp">
      <Filter>Source Files\Engine\Classes</Filter>
    </ClCompile>
    <ClCompile Include="ColorPalette.cpp">
      <Filter>Source Files\Engine\Namespaces</Filter>
    </ClCompile>
    <ClCompile Include="VirtualKeyDefines.h">
      <Filter>Header Files\Engine</Filter>
    </ClCompile>
    <ClCompile Include="TetrisMap.cpp">
      <Filter>Source Files</Filter>
    </ClCompile>
    <ClCompile Include="Tetromino.cpp">
      <Filter>Source Files</Filter>
    </ClCompile>
    <ClCompile Include="TetrominoController.cpp">
      <Filter>Source Files</Filter>
    </ClCompile>
    <ClCompile Include="Main.cpp">
      <Filter>Source Files</Filter>
    </ClCompile>
    <ClCompile Include="Game.cpp">
      <Filter>Source Files</Filter>
    </ClCompile>
  </ItemGroup>
</Project>